
Microsoft Visual Studio Solution File, Format Version 12.00
# Visual Studio Version 16
VisualStudioVersion = 16.0.29209.62
MinimumVisualStudioVersion = 10.0.40219.1
Project("{FAE04EC0-301F-11D3-BF4B-00C04F79EFBC}") = "AV_Rates", "AV_Rates\AV_Rates.csproj", "{00F5C464-1B1F-4539-AF5B-34EC6F79FDC9}"
EndProject
Global
	GlobalSection(SolutionConfigurationPlatforms) = preSolution
		Debug|Any CPU = Debug|Any CPU
		Release|Any CPU = Release|Any CPU
	EndGlobalSection
	GlobalSection(ProjectConfigurationPlatforms) = postSolution
		{00F5C464-1B1F-4539-AF5B-34EC6F79FDC9}.Debug|Any CPU.ActiveCfg = Debug|Any CPU
		{00F5C464-1B1F-4539-AF5B-34EC6F79FDC9}.Debug|Any CPU.Build.0 = Debug|Any CPU
		{00F5C464-1B1F-4539-AF5B-34EC6F79FDC9}.Release|Any CPU.ActiveCfg = Release|Any CPU
		{00F5C464-1B1F-4539-AF5B-34EC6F79FDC9}.Release|Any CPU.Build.0 = Release|Any CPU
	EndGlobalSection
	GlobalSection(SolutionProperties) = preSolution
		HideSolutionNode = FALSE
	EndGlobalSection
	GlobalSection(ExtensibilityGlobals) = postSolution
		SolutionGuid = {8AC1DF47-2F11-4D82-BFAC-84C1F0AFD370}
	EndGlobalSection
EndGlobal
